
Microsoft Visual Studio Solution File, Format Version 12.00
# Visual Studio Version 17
VisualStudioVersion = 17.2.32526.322
MinimumVisualStudioVersion = 10.0.40219.1
Project("{FAE04EC0-301F-11D3-BF4B-00C04F79EFBC}") = "MainForm", "MainForm\MainForm.csproj", "{7348E31F-26A4-4D18-8BD2-E09150622CF3}"
EndProject
Global
	GlobalSection(SolutionConfigurationPlatforms) = preSolution
		Debug|x64 = Debug|x64
		Release|x64 = Release|x64
	EndGlobalSection
	GlobalSection(ProjectConfigurationPlatforms) = postSolution
		{7348E31F-26A4-4D18-8BD2-E09150622CF3}.Debug|x64.ActiveCfg = Debug|x64
		{7348E31F-26A4-4D18-8BD2-E09150622CF3}.Debug|x64.Build.0 = Debug|x64
		{7348E31F-26A4-4D18-8BD2-E09150622CF3}.Release|x64.ActiveCfg = Release|x64
		{7348E31F-26A4-4D18-8BD2-E09150622CF3}.Release|x64.Build.0 = Release|x64
	EndGlobalSection
	GlobalSection(SolutionProperties) = preSolution
		HideSolutionNode = FALSE
	EndGlobalSection
	GlobalSection(ExtensibilityGlobals) = postSolution
		SolutionGuid = {22C1F3C8-24EB-40C4-A888-FD7BFCE394BE}
	EndGlobalSection
EndGlobal
